
Microsoft Visual Studio Solution File, Format Version 12.00
# Visual Studio Version 16
VisualStudioVersion = 16.0.32126.315
MinimumVisualStudioVersion = 10.0.40219.1
Project("{FAE04EC0-301F-11D3-BF4B-00C04F79EFBC}") = "Øvelse 4", "Øvelse 4\Øvelse 4.csproj", "{609E4EB2-C60C-4BFA-BA1F-BACC8AE8CA0C}"
EndProject
Global
	GlobalSection(SolutionConfigurationPlatforms) = preSolution
		Debug|Any CPU = Debug|Any CPU
		Release|Any CPU = Release|Any CPU
	EndGlobalSection
	GlobalSection(ProjectConfigurationPlatforms) = postSolution
		{609E4EB2-C60C-4BFA-BA1F-BACC8AE8CA0C}.Debug|Any CPU.ActiveCfg = Debug|Any CPU
		{609E4EB2-C60C-4BFA-BA1F-BACC8AE8CA0C}.Debug|Any CPU.Build.0 = Debug|Any CPU
		{609E4EB2-C60C-4BFA-BA1F-BACC8AE8CA0C}.Release|Any CPU.ActiveCfg = Release|Any CPU
		{609E4EB2-C60C-4BFA-BA1F-BACC8AE8CA0C}.Release|Any CPU.Build.0 = Release|Any CPU
	EndGlobalSection
	GlobalSection(SolutionProperties) = preSolution
		HideSolutionNode = FALSE
	EndGlobalSection
	GlobalSection(ExtensibilityGlobals) = postSolution
		SolutionGuid = {6B6153BB-7443-42A3-908C-06B08BAD708C}
	EndGlobalSection
EndGlobal
